// !$*UTF8*$!
{
	archiveVersion = 1;
	classes = {
	};
	objectVersion = 55;
	objects = {

/* Begin PBXBuildFile section */
		B0849FDD27C4A8AF00C2B3B3 /* City.swift in Sources */ = {isa = PBXBuildFile; fileRef = B0849FDC27C4A8AF00C2B3B3 /* City.swift */; };
		B0849FDF27C4AA7E00C2B3B3 /* Player.swift in Sources */ = {isa = PBXBuildFile; fileRef = B0849FDE27C4AA7E00C2B3B3 /* Player.swift */; };
		B08DC2CB27C45994004987FC /* AppDelegate.swift in Sources */ = {isa = PBXBuildFile; fileRef = B08DC2CA27C45994004987FC /* AppDelegate.swift */; };
		B08DC2CD27C45995004987FC /* Assets.xcassets in Resources */ = {isa = PBXBuildFile; fileRef = B08DC2CC27C45995004987FC /* Assets.xcassets */; };
		B08DC2D027C45995004987FC /* MainMenu.xib in Resources */ = {isa = PBXBuildFile; fileRef = B08DC2CE27C45995004987FC /* MainMenu.xib */; };
		B08DC2D827C459F2004987FC /* GameWindow.xib in Resources */ = {isa = PBXBuildFile; fileRef = B08DC2D727C459F2004987FC /* GameWindow.xib */; };
		B08DC2DA27C45AAA004987FC /* GameWindowController.swift in Sources */ = {isa = PBXBuildFile; fileRef = B08DC2D927C45AAA004987FC /* GameWindowController.swift */; };
		B08DC2DC27C45D1E004987FC /* Army.swift in Sources */ = {isa = PBXBuildFile; fileRef = B08DC2DB27C45D1E004987FC /* Army.swift */; };
		B08DC2DE27C45DB0004987FC /* Fighter.swift in Sources */ = {isa = PBXBuildFile; fileRef = B08DC2DD27C45DB0004987FC /* Fighter.swift */; };
		B08DC2E027C45DCD004987FC /* Destroyer.swift in Sources */ = {isa = PBXBuildFile; fileRef = B08DC2DF27C45DCD004987FC /* Destroyer.swift */; };
		B08DC2E227C45DF1004987FC /* SeaTransport.swift in Sources */ = {isa = PBXBuildFile; fileRef = B08DC2E127C45DF1004987FC /* SeaTransport.swift */; };
		B08DC2E427C45DFF004987FC /* AirTransport.swift in Sources */ = {isa = PBXBuildFile; fileRef = B08DC2E327C45DFF004987FC /* AirTransport.swift */; };
		B08DC2E627C45E0C004987FC /* Submarine.swift in Sources */ = {isa = PBXBuildFile; fileRef = B08DC2E527C45E0C004987FC /* Submarine.swift */; };
		B08DC2E827C45E15004987FC /* AircraftCarrier.swift in Sources */ = {isa = PBXBuildFile; fileRef = B08DC2E727C45E15004987FC /* AircraftCarrier.swift */; };
		B08DC2EA27C45E1A004987FC /* Cruiser.swift in Sources */ = {isa = PBXBuildFile; fileRef = B08DC2E927C45E1A004987FC /* Cruiser.swift */; };
		B08DC2ED27C45E71004987FC /* Bomber.swift in Sources */ = {isa = PBXBuildFile; fileRef = B08DC2EC27C45E71004987FC /* Bomber.swift */; };
		B08DC2EF27C45E8E004987FC /* Unit.swift in Sources */ = {isa = PBXBuildFile; fileRef = B08DC2EE27C45E8E004987FC /* Unit.swift */; };
		B08DC2F127C461FB004987FC /* Map.swift in Sources */ = {isa = PBXBuildFile; fileRef = B08DC2F027C461FB004987FC /* Map.swift */; };
		B08DC2F427C4636A004987FC /* Game.swift in Sources */ = {isa = PBXBuildFile; fileRef = B08DC2F327C4636A004987FC /* Game.swift */; };
		B08DC2F827C46AC5004987FC /* GameScene.sks in Resources */ = {isa = PBXBuildFile; fileRef = B08DC2F727C46AC5004987FC /* GameScene.sks */; };
		B08DC2FA27C46ADC004987FC /* GameScene.swift in Sources */ = {isa = PBXBuildFile; fileRef = B08DC2F927C46ADC004987FC /* GameScene.swift */; };
		B08DC2FC27C46E0C004987FC /* GameTileSet.sks in Resources */ = {isa = PBXBuildFile; fileRef = B08DC2FB27C46E0C004987FC /* GameTileSet.sks */; };
/* End PBXBuildFile section */

/* Begin PBXFileReference section */
		B0849FDC27C4A8AF00C2B3B3 /* City.swift */ = {isa = PBXFileReference; lastKnownFileType = sourcecode.swift; path = City.swift; sourceTree = "<group>"; };
		B0849FDE27C4AA7E00C2B3B3 /* Player.swift */ = {isa = PBXFileReference; lastKnownFileType = sourcecode.swift; path = Player.swift; sourceTree = "<group>"; };
		B08DC2C727C45994004987FC /* Empire.app */ = {isa = PBXFileReference; explicitFileType = wrapper.application; includeInIndex = 0; path = Empire.app; sourceTree = BUILT_PRODUCTS_DIR; };
		B08DC2CA27C45994004987FC /* AppDelegate.swift */ = {isa = PBXFileReference; lastKnownFileType = sourcecode.swift; path = AppDelegate.swift; sourceTree = "<group>"; };
		B08DC2CC27C45995004987FC /* Assets.xcassets */ = {isa = PBXFileReference; lastKnownFileType = folder.assetcatalog; path = Assets.xcassets; sourceTree = "<group>"; };
		B08DC2CF27C45995004987FC /* Base */ = {isa = PBXFileReference; lastKnownFileType = file.xib; name = Base; path = Base.lproj/MainMenu.xib; sourceTree = "<group>"; };
		B08DC2D127C45995004987FC /* Empire.entitlements */ = {isa = PBXFileReference; lastKnownFileType = text.plist.entitlements; path = Empire.entitlements; sourceTree = "<group>"; };
		B08DC2D727C459F2004987FC /* GameWindow.xib */ = {isa = PBXFileReference; lastKnownFileType = file.xib; path = GameWindow.xib; sourceTree = "<group>"; };
		B08DC2D927C45AAA004987FC /* GameWindowController.swift */ = {isa = PBXFileReference; lastKnownFileType = sourcecode.swift; path = GameWindowController.swift; sourceTree = "<group>"; };
		B08DC2DB27C45D1E004987FC /* Army.swift */ = {isa = PBXFileReference; lastKnownFileType = sourcecode.swift; path = Army.swift; sourceTree = "<group>"; };
		B08DC2DD27C45DB0004987FC /* Fighter.swift */ = {isa = PBXFileReference; lastKnownFileType = sourcecode.swift; path = Fighter.swift; sourceTree = "<group>"; };
		B08DC2DF27C45DCD004987FC /* Destroyer.swift */ = {isa = PBXFileReference; lastKnownFileType = sourcecode.swift; path = Destroyer.swift; sourceTree = "<group>"; };
		B08DC2E127C45DF1004987FC /* SeaTransport.swift */ = {isa = PBXFileReference; lastKnownFileType = sourcecode.swift; path = SeaTransport.swift; sourceTree = "<group>"; };
		B08DC2E327C45DFF004987FC /* AirTransport.swift */ = {isa = PBXFileReference; lastKnownFileType = sourcecode.swift; path = AirTransport.swift; sourceTree = "<group>"; };
		B08DC2E527C45E0C004987FC /* Submarine.swift */ = {isa = PBXFileReference; lastKnownFileType = sourcecode.swift; path = Submarine.swift; sourceTree = "<group>"; };
		B08DC2E727C45E15004987FC /* AircraftCarrier.swift */ = {isa = PBXFileReference; lastKnownFileType = sourcecode.swift; path = AircraftCarrier.swift; sourceTree = "<group>"; };
		B08DC2E927C45E1A004987FC /* Cruiser.swift */ = {isa = PBXFileReference; lastKnownFileType = sourcecode.swift; path = Cruiser.swift; sourceTree = "<group>"; };
		B08DC2EC27C45E71004987FC /* Bomber.swift */ = {isa = PBXFileReference; lastKnownFileType = sourcecode.swift; path = Bomber.swift; sourceTree = "<group>"; };
		B08DC2EE27C45E8E004987FC /* Unit.swift */ = {isa = PBXFileReference; lastKnownFileType = sourcecode.swift; path = Unit.swift; sourceTree = "<group>"; };
		B08DC2F027C461FB004987FC /* Map.swift */ = {isa = PBXFileReference; lastKnownFileType = sourcecode.swift; path = Map.swift; sourceTree = "<group>"; };
		B08DC2F327C4636A004987FC /* Game.swift */ = {isa = PBXFileReference; lastKnownFileType = sourcecode.swift; path = Game.swift; sourceTree = "<group>"; };
		B08DC2F727C46AC5004987FC /* GameScene.sks */ = {isa = PBXFileReference; lastKnownFileType = file.sks; path = GameScene.sks; sourceTree = "<group>"; };
		B08DC2F927C46ADC004987FC /* GameScene.swift */ = {isa = PBXFileReference; lastKnownFileType = sourcecode.swift; path = GameScene.swift; sourceTree = "<group>"; };
		B08DC2FB27C46E0C004987FC /* GameTileSet.sks */ = {isa = PBXFileReference; lastKnownFileType = file.sks; path = GameTileSet.sks; sourceTree = "<group>"; };
/* End PBXFileReference section */

/* Begin PBXFrameworksBuildPhase section */
		B08DC2C427C45994004987FC /* Frameworks */ = {
			isa = PBXFrameworksBuildPhase;
			buildActionMask = 2147483647;
			files = (
			);
			runOnlyForDeploymentPostprocessing = 0;
		};
/* End PBXFrameworksBuildPhase section */

/* Begin PBXGroup section */
		B08DC2BE27C45994004987FC = {
			isa = PBXGroup;
			children = (
				B08DC2C927C45994004987FC /* Empire */,
				B08DC2C827C45994004987FC /* Products */,
			);
			sourceTree = "<group>";
		};
		B08DC2C827C45994004987FC /* Products */ = {
			isa = PBXGroup;
			children = (
				B08DC2C727C45994004987FC /* Empire.app */,
			);
			name = Products;
			sourceTree = "<group>";
		};
		B08DC2C927C45994004987FC /* Empire */ = {
			isa = PBXGroup;
			children = (
				B08DC2EB27C45E22004987FC /* CoreGame */,
				B08DC2CA27C45994004987FC /* AppDelegate.swift */,
				B08DC2F927C46ADC004987FC /* GameScene.swift */,
				B08DC2D927C45AAA004987FC /* GameWindowController.swift */,
				B08DC2CC27C45995004987FC /* Assets.xcassets */,
				B08DC2FB27C46E0C004987FC /* GameTileSet.sks */,
				B08DC2CE27C45995004987FC /* MainMenu.xib */,
				B08DC2D727C459F2004987FC /* GameWindow.xib */,
				B08DC2F727C46AC5004987FC /* GameScene.sks */,
				B08DC2D127C45995004987FC /* Empire.entitlements */,
			);
			path = Empire;
			sourceTree = "<group>";
		};
		B08DC2EB27C45E22004987FC /* CoreGame */ = {
			isa = PBXGroup;
			children = (
				B08DC2E327C45DFF004987FC /* AirTransport.swift */,
				B08DC2E727C45E15004987FC /* AircraftCarrier.swift */,
				B08DC2DB27C45D1E004987FC /* Army.swift */,
				B08DC2EC27C45E71004987FC /* Bomber.swift */,
				B0849FDC27C4A8AF00C2B3B3 /* City.swift */,
				B08DC2E927C45E1A004987FC /* Cruiser.swift */,
				B08DC2DF27C45DCD004987FC /* Destroyer.swift */,
				B08DC2DD27C45DB0004987FC /* Fighter.swift */,
				B08DC2F327C4636A004987FC /* Game.swift */,
				B0849FDE27C4AA7E00C2B3B3 /* Player.swift */,
				B08DC2F027C461FB004987FC /* Map.swift */,
				B08DC2E127C45DF1004987FC /* SeaTransport.swift */,
				B08DC2E527C45E0C004987FC /* Submarine.swift */,
				B08DC2EE27C45E8E004987FC /* Unit.swift */,
			);
			name = CoreGame;
			sourceTree = "<group>";
		};
/* End PBXGroup section */

/* Begin PBXNativeTarget section */
		B08DC2C627C45994004987FC /* Empire */ = {
			isa = PBXNativeTarget;
			buildConfigurationList = B08DC2D427C45995004987FC /* Build configuration list for PBXNativeTarget "Empire" */;
			buildPhases = (
				B08DC2C327C45994004987FC /* Sources */,
				B08DC2C427C45994004987FC /* Frameworks */,
				B08DC2C527C45994004987FC /* Resources */,
			);
			buildRules = (
			);
			dependencies = (
			);
			name = Empire;
			productName = Empire;
			productReference = B08DC2C727C45994004987FC /* Empire.app */;
			productType = "com.apple.product-type.application";
		};
/* End PBXNativeTarget section */

/* Begin PBXProject section */
		B08DC2BF27C45994004987FC /* Project object */ = {
			isa = PBXProject;
			attributes = {
				BuildIndependentTargetsInParallel = 1;
				LastSwiftUpdateCheck = 1320;
				LastUpgradeCheck = 1320;
				TargetAttributes = {
					B08DC2C627C45994004987FC = {
						CreatedOnToolsVersion = 13.2.1;
					};
				};
			};
			buildConfigurationList = B08DC2C227C45994004987FC /* Build configuration list for PBXProject "Empire" */;
			compatibilityVersion = "Xcode 13.0";
			developmentRegion = en;
			hasScannedForEncodings = 0;
			knownRegions = (
				en,
				Base,
			);
			mainGroup = B08DC2BE27C45994004987FC;
			productRefGroup = B08DC2C827C45994004987FC /* Products */;
			projectDirPath = "";
			projectRoot = "";
			targets = (
				B08DC2C627C45994004987FC /* Empire */,
			);
		};
/* End PBXProject section */

/* Begin PBXResourcesBuildPhase section */
		B08DC2C527C45994004987FC /* Resources */ = {
			isa = PBXResourcesBuildPhase;
			buildActionMask = 2147483647;
			files = (
				B08DC2F827C46AC5004987FC /* GameScene.sks in Resources */,
				B08DC2CD27C45995004987FC /* Assets.xcassets in Resources */,
				B08DC2D027C45995004987FC /* MainMenu.xib in Resources */,
				B08DC2D827C459F2004987FC /* GameWindow.xib in Resources */,
				B08DC2FC27C46E0C004987FC /* GameTileSet.sks in Resources */,
			);
			runOnlyForDeploymentPostprocessing = 0;
		};
/* End PBXResourcesBuildPhase section */

/* Begin PBXSourcesBuildPhase section */
		B08DC2C327C45994004987FC /* Sources */ = {
			isa = PBXSourcesBuildPhase;
			buildActionMask = 2147483647;
			files = (
				B08DC2FA27C46ADC004987FC /* GameScene.swift in Sources */,
				B08DC2E627C45E0C004987FC /* Submarine.swift in Sources */,
				B08DC2E027C45DCD004987FC /* Destroyer.swift in Sources */,
				B08DC2F127C461FB004987FC /* Map.swift in Sources */,
				B08DC2DC27C45D1E004987FC /* Army.swift in Sources */,
				B08DC2DE27C45DB0004987FC /* Fighter.swift in Sources */,
				B08DC2E427C45DFF004987FC /* AirTransport.swift in Sources */,
				B08DC2E227C45DF1004987FC /* SeaTransport.swift in Sources */,
				B08DC2CB27C45994004987FC /* AppDelegate.swift in Sources */,
				B08DC2EA27C45E1A004987FC /* Cruiser.swift in Sources */,
				B08DC2F427C4636A004987FC /* Game.swift in Sources */,
				B08DC2E827C45E15004987FC /* AircraftCarrier.swift in Sources */,
				B08DC2EF27C45E8E004987FC /* Unit.swift in Sources */,
				B08DC2DA27C45AAA004987FC /* GameWindowController.swift in Sources */,
				B0849FDD27C4A8AF00C2B3B3 /* City.swift in Sources */,
				B0849FDF27C4AA7E00C2B3B3 /* Player.swift in Sources */,
				B08DC2ED27C45E71004987FC /* Bomber.swift in Sources */,
			);
			runOnlyForDeploymentPostprocessing = 0;
		};
/* End PBXSourcesBuildPhase section */

/* Begin PBXVariantGroup section */
		B08DC2CE27C45995004987FC /* MainMenu.xib */ = {
			isa = PBXVariantGroup;
			children = (
				B08DC2CF27C45995004987FC /* Base */,
			);
			name = MainMenu.xib;
			sourceTree = "<group>";
		};
/* End PBXVariantGroup section */

/* Begin XCBuildConfiguration section */
		B08DC2D227C45995004987FC /* Debug */ = {
			isa = XCBuildConfiguration;
			buildSettings = {
				ALWAYS_SEARCH_USER_PATHS = NO;
				CLANG_ANALYZER_NONNULL = YES;
				CLANG_ANALYZER_NUMBER_OBJECT_CONVERSION = YES_AGGRESSIVE;
				CLANG_CXX_LANGUAGE_STANDARD = "gnu++17";
				CLANG_CXX_LIBRARY = "libc++";
				CLANG_ENABLE_MODULES = YES;
				CLANG_ENABLE_OBJC_ARC = YES;
				CLANG_ENABLE_OBJC_WEAK = YES;
				CLANG_WARN_BLOCK_CAPTURE_AUTORELEASING = YES;
				CLANG_WARN_BOOL_CONVERSION = YES;
				CLANG_WARN_COMMA = YES;
				CLANG_WARN_CONSTANT_CONVERSION = YES;
				CLANG_WARN_DEPRECATED_OBJC_IMPLEMENTATIONS = YES;
				CLANG_WARN_DIRECT_OBJC_ISA_USAGE = YES_ERROR;
				CLANG_WARN_DOCUMENTATION_COMMENTS = YES;
				CLANG_WARN_EMPTY_BODY = YES;
				CLANG_WARN_ENUM_CONVERSION = YES;
				CLANG_WARN_INFINITE_RECURSION = YES;
				CLANG_WARN_INT_CONVERSION = YES;
				CLANG_WARN_NON_LITERAL_NULL_CONVERSION = YES;
				CLANG_WARN_OBJC_IMPLICIT_RETAIN_SELF = YES;
				CLANG_WARN_OBJC_LITERAL_CONVERSION = YES;
				CLANG_WARN_OBJC_ROOT_CLASS = YES_ERROR;
				CLANG_WARN_QUOTED_INCLUDE_IN_FRAMEWORK_HEADER = YES;
				CLANG_WARN_RANGE_LOOP_ANALYSIS = YES;
				CLANG_WARN_STRICT_PROTOTYPES = YES;
				CLANG_WARN_SUSPICIOUS_MOVE = YES;
				CLANG_WARN_UNGUARDED_AVAILABILITY = YES_AGGRESSIVE;
				CLANG_WARN_UNREACHABLE_CODE = YES;
				CLANG_WARN__DUPLICATE_METHOD_MATCH = YES;
				COPY_PHASE_STRIP = NO;
				DEBUG_INFORMATION_FORMAT = dwarf;
				ENABLE_STRICT_OBJC_MSGSEND = YES;
				ENABLE_TESTABILITY = YES;
				GCC_C_LANGUAGE_STANDARD = gnu11;
				GCC_DYNAMIC_NO_PIC = NO;
				GCC_NO_COMMON_BLOCKS = YES;
				GCC_OPTIMIZATION_LEVEL = 0;
				GCC_PREPROCESSOR_DEFINITIONS = (
					"DEBUG=1",
					"$(inherited)",
				);
				GCC_WARN_64_TO_32_BIT_CONVERSION = YES;
				GCC_WARN_ABOUT_RETURN_TYPE = YES_ERROR;
				GCC_WARN_UNDECLARED_SELECTOR = YES;
				GCC_WARN_UNINITIALIZED_AUTOS = YES_AGGRESSIVE;
				GCC_WARN_UNUSED_FUNCTION = YES;
				GCC_WARN_UNUSED_VARIABLE = YES;
				MACOSX_DEPLOYMENT_TARGET = 12.1;
				MTL_ENABLE_DEBUG_INFO = INCLUDE_SOURCE;
				MTL_FAST_MATH = YES;
				ONLY_ACTIVE_ARCH = YES;
				SDKROOT = macosx;
				SWIFT_ACTIVE_COMPILATION_CONDITIONS = DEBUG;
				SWIFT_OPTIMIZATION_LEVEL = "-Onone";
			};
			name = Debug;
		};
		B08DC2D327C45995004987FC /* Release */ = {
			isa = XCBuildConfiguration;
			buildSettings = {
				ALWAYS_SEARCH_USER_PATHS = NO;
				CLANG_ANALYZER_NONNULL = YES;
				CLANG_ANALYZER_NUMBER_OBJECT_CONVERSION = YES_AGGRESSIVE;
				CLANG_CXX_LANGUAGE_STANDARD = "gnu++17";
				CLANG_CXX_LIBRARY = "libc++";
				CLANG_ENABLE_MODULES = YES;
				CLANG_ENABLE_OBJC_ARC = YES;
				CLANG_ENABLE_OBJC_WEAK = YES;
				CLANG_WARN_BLOCK_CAPTURE_AUTORELEASING = YES;
				CLANG_WARN_BOOL_CONVERSION = YES;
				CLANG_WARN_COMMA = YES;
				CLANG_WARN_CONSTANT_CONVERSION = YES;
				CLANG_WARN_DEPRECATED_OBJC_IMPLEMENTATIONS = YES;
				CLANG_WARN_DIRECT_OBJC_ISA_USAGE = YES_ERROR;
				CLANG_WARN_DOCUMENTATION_COMMENTS = YES;
				CLANG_WARN_EMPTY_BODY = YES;
				CLANG_WARN_ENUM_CONVERSION = YES;
				CLANG_WARN_INFINITE_RECURSION = YES;
				CLANG_WARN_INT_CONVERSION = YES;
				CLANG_WARN_NON_LITERAL_NULL_CONVERSION = YES;
				CLANG_WARN_OBJC_IMPLICIT_RETAIN_SELF = YES;
				CLANG_WARN_OBJC_LITERAL_CONVERSION = YES;
				CLANG_WARN_OBJC_ROOT_CLASS = YES_ERROR;
				CLANG_WARN_QUOTED_INCLUDE_IN_FRAMEWORK_HEADER = YES;
				CLANG_WARN_RANGE_LOOP_ANALYSIS = YES;
				CLANG_WARN_STRICT_PROTOTYPES = YES;
				CLANG_WARN_SUSPICIOUS_MOVE = YES;
				CLANG_WARN_UNGUARDED_AVAILABILITY = YES_AGGRESSIVE;
				CLANG_WARN_UNREACHABLE_CODE = YES;
				CLANG_WARN__DUPLICATE_METHOD_MATCH = YES;
				COPY_PHASE_STRIP = NO;
				DEBUG_INFORMATION_FORMAT = "dwarf-with-dsym";
				ENABLE_NS_ASSERTIONS = NO;
				ENABLE_STRICT_OBJC_MSGSEND = YES;
				GCC_C_LANGUAGE_STANDARD = gnu11;
				GCC_NO_COMMON_BLOCKS = YES;
				GCC_WARN_64_TO_32_BIT_CONVERSION = YES;
				GCC_WARN_ABOUT_RETURN_TYPE = YES_ERROR;
				GCC_WARN_UNDECLARED_SELECTOR = YES;
				GCC_WARN_UNINITIALIZED_AUTOS = YES_AGGRESSIVE;
				GCC_WARN_UNUSED_FUNCTION = YES;
				GCC_WARN_UNUSED_VARIABLE = YES;
				MACOSX_DEPLOYMENT_TARGET = 12.1;
				MTL_ENABLE_DEBUG_INFO = NO;
				MTL_FAST_MATH = YES;
				SDKROOT = macosx;
				SWIFT_COMPILATION_MODE = wholemodule;
				SWIFT_OPTIMIZATION_LEVEL = "-O";
			};
			name = Release;
		};
		B08DC2D527C45995004987FC /* Debug */ = {
			isa = XCBuildConfiguration;
			buildSettings = {
				ASSETCATALOG_COMPILER_APPICON_NAME = AppIcon;
				ASSETCATALOG_COMPILER_GLOBAL_ACCENT_COLOR_NAME = AccentColor;
				CODE_SIGN_ENTITLEMENTS = Empire/Empire.entitlements;
				CODE_SIGN_STYLE = Automatic;
				COMBINE_HIDPI_IMAGES = YES;
				CURRENT_PROJECT_VERSION = 1;
				GENERATE_INFOPLIST_FILE = YES;
				INFOPLIST_KEY_LSApplicationCategoryType = "public.app-category.strategy-games";
				INFOPLIST_KEY_NSHumanReadableCopyright = "";
				INFOPLIST_KEY_NSMainNibFile = MainMenu;
				INFOPLIST_KEY_NSPrincipalClass = NSApplication;
				LD_RUNPATH_SEARCH_PATHS = (
					"$(inherited)",
					"@executable_path/../Frameworks",
				);
				MARKETING_VERSION = 1.0;
				PRODUCT_BUNDLE_IDENTIFIER = com.tampinco.Empire;
				PRODUCT_NAME = "$(TARGET_NAME)";
				SWIFT_EMIT_LOC_STRINGS = YES;
				SWIFT_VERSION = 5.0;
			};
			name = Debug;
		};
		B08DC2D627C45995004987FC /* Release */ = {
			isa = XCBuildConfiguration;
			buildSettings = {
				ASSETCATALOG_COMPILER_APPICON_NAME = AppIcon;
				ASSETCATALOG_COMPILER_GLOBAL_ACCENT_COLOR_NAME = AccentColor;
				CODE_SIGN_ENTITLEMENTS = Empire/Empire.entitlements;
				CODE_SIGN_STYLE = Automatic;
				COMBINE_HIDPI_IMAGES = YES;
				CURRENT_PROJECT_VERSION = 1;
				GENERATE_INFOPLIST_FILE = YES;
				INFOPLIST_KEY_LSApplicationCategoryType = "public.app-category.strategy-games";
				INFOPLIST_KEY_NSHumanReadableCopyright = "";
				INFOPLIST_KEY_NSMainNibFile = MainMenu;
				INFOPLIST_KEY_NSPrincipalClass = NSApplication;
				LD_RUNPATH_SEARCH_PATHS = (
					"$(inherited)",
					"@executable_path/../Frameworks",
				);
				MARKETING_VERSION = 1.0;
				PRODUCT_BUNDLE_IDENTIFIER = com.tampinco.Empire;
				PRODUCT_NAME = "$(TARGET_NAME)";
				SWIFT_EMIT_LOC_STRINGS = YES;
				SWIFT_VERSION = 5.0;
			};
			name = Release;
		};
/* End XCBuildConfiguration section */

/* Begin XCConfigurationList section */
		B08DC2C227C45994004987FC /* Build configuration list for PBXProject "Empire" */ = {
			isa = XCConfigurationList;
			buildConfigurations = (
				B08DC2D227C45995004987FC /* Debug */,
				B08DC2D327C45995004987FC /* Release */,
			);
			defaultConfigurationIsVisible = 0;
			defaultConfigurationName = Release;
		};
		B08DC2D427C45995004987FC /* Build configuration list for PBXNativeTarget "Empire" */ = {
			isa = XCConfigurationList;
			buildConfigurations = (
				B08DC2D527C45995004987FC /* Debug */,
				B08DC2D627C45995004987FC /* Release */,
			);
			defaultConfigurationIsVisible = 0;
			defaultConfigurationName = Release;
		};
/* End XCConfigurationList section */
	};
	rootObject = B08DC2BF27C45994004987FC /* Project object */;
}
